
Microsoft Visual Studio Solution File, Format Version 12.00
# Visual Studio 14
VisualStudioVersion = 14.0.23107.0
MinimumVisualStudioVersion = 10.0.40219.1
Project("{8BC9CEB8-8B4A-11D0-8D11-00A0C91BC942}") = "Lib0", "Lib0\Lib0.vcxproj", "{AE29B12B-05DF-4A17-BA46-1D321658B90D}"
EndProject
Project("{8BC9CEB8-8B4A-11D0-8D11-00A0C91BC942}") = "usingLibDll", "usingLibDll\usingLibDll.vcxproj", "{8EE3BF4F-2061-4A89-B717-6270FED2CFF2}"
EndProject
Project("{8BC9CEB8-8B4A-11D0-8D11-00A0C91BC942}") = "W32D", "W32D\W32D.vcxproj", "{4EF56DF2-8608-448D-AE40-78783282C960}"
EndProject
Global
	GlobalSection(SolutionConfigurationPlatforms) = preSolution
		Debug|x64 = Debug|x64
		Debug|x86 = Debug|x86
		Release|x64 = Release|x64
		Release|x86 = Release|x86
	EndGlobalSection
	GlobalSection(ProjectConfigurationPlatforms) = postSolution
		{AE29B12B-05DF-4A17-BA46-1D321658B90D}.Debug|x64.ActiveCfg = Debug|x64
		{AE29B12B-05DF-4A17-BA46-1D321658B90D}.Debug|x64.Build.0 = Debug|x64
		{AE29B12B-05DF-4A17-BA46-1D321658B90D}.Debug|x86.ActiveCfg = Debug|Win32
		{AE29B12B-05DF-4A17-BA46-1D321658B90D}.Debug|x86.Build.0 = Debug|Win32
		{AE29B12B-05DF-4A17-BA46-1D321658B90D}.Release|x64.ActiveCfg = Release|x64
		{AE29B12B-05DF-4A17-BA46-1D321658B90D}.Release|x64.Build.0 = Release|x64
		{AE29B12B-05DF-4A17-BA46-1D321658B90D}.Release|x86.ActiveCfg = Release|Win32
		{AE29B12B-05DF-4A17-BA46-1D321658B90D}.Release|x86.Build.0 = Release|Win32
		{8EE3BF4F-2061-4A89-B717-6270FED2CFF2}.Debug|x64.ActiveCfg = Debug|x64
		{8EE3BF4F-2061-4A89-B717-6270FED2CFF2}.Debug|x64.Build.0 = Debug|x64
		{8EE3BF4F-2061-4A89-B717-6270FED2CFF2}.Debug|x86.ActiveCfg = Debug|Win32
		{8EE3BF4F-2061-4A89-B717-6270FED2CFF2}.Debug|x86.Build.0 = Debug|Win32
		{8EE3BF4F-2061-4A89-B717-6270FED2CFF2}.Release|x64.ActiveCfg = Release|x64
		{8EE3BF4F-2061-4A89-B717-6270FED2CFF2}.Release|x64.Build.0 = Release|x64
		{8EE3BF4F-2061-4A89-B717-6270FED2CFF2}.Release|x86.ActiveCfg = Release|Win32
		{8EE3BF4F-2061-4A89-B717-6270FED2CFF2}.Release|x86.Build.0 = Release|Win32
		{4EF56DF2-8608-448D-AE40-78783282C960}.Debug|x64.ActiveCfg = Debug|x64
		{4EF56DF2-8608-448D-AE40-78783282C960}.Debug|x64.Build.0 = Debug|x64
		{4EF56DF2-8608-448D-AE40-78783282C960}.Debug|x86.ActiveCfg = Debug|Win32
		{4EF56DF2-8608-448D-AE40-78783282C960}.Debug|x86.Build.0 = Debug|Win32
		{4EF56DF2-8608-448D-AE40-78783282C960}.Release|x64.ActiveCfg = Release|x64
		{4EF56DF2-8608-448D-AE40-78783282C960}.Release|x64.Build.0 = Release|x64
		{4EF56DF2-8608-448D-AE40-78783282C960}.Release|x86.ActiveCfg = Release|Win32
		{4EF56DF2-8608-448D-AE40-78783282C960}.Release|x86.Build.0 = Release|Win32
	EndGlobalSection
	GlobalSection(SolutionProperties) = preSolution
		HideSolutionNode = FALSE
	EndGlobalSection
EndGlobal
